
Microsoft Visual Studio Solution File, Format Version 12.00
# Visual Studio 15
VisualStudioVersion = 15.0.27130.2024
MinimumVisualStudioVersion = 10.0.40219.1
Project("{FAE04EC0-301F-11D3-BF4B-00C04F79EFBC}") = "ProfilPol.Api", "ProfilPol.Api\ProfilPol.Api.csproj", "{7918AEC3-4478-4B57-B5AA-35AD779CDB00}"
EndProject
Project("{FAE04EC0-301F-11D3-BF4B-00C04F79EFBC}") = "ProfilPol.Infrastructure", "ProfilPol.Infrastructure\ProfilPol.Infrastructure.csproj", "{E8E55C83-BBBD-4BBB-B6FB-FDCD743A5BA4}"
EndProject
Project("{FAE04EC0-301F-11D3-BF4B-00C04F79EFBC}") = "ProfilPol.Core", "ProfilPol.Core\ProfilPol.Core.csproj", "{7AE4DD04-8B16-438B-A73C-7DDDDF7C45C3}"
EndProject
Global
	GlobalSection(SolutionConfigurationPlatforms) = preSolution
		Debug|Any CPU = Debug|Any CPU
		Release|Any CPU = Release|Any CPU
	EndGlobalSection
	GlobalSection(ProjectConfigurationPlatforms) = postSolution
		{7918AEC3-4478-4B57-B5AA-35AD779CDB00}.Debug|Any CPU.ActiveCfg = Debug|Any CPU
		{7918AEC3-4478-4B57-B5AA-35AD779CDB00}.Debug|Any CPU.Build.0 = Debug|Any CPU
		{7918AEC3-4478-4B57-B5AA-35AD779CDB00}.Release|Any CPU.ActiveCfg = Release|Any CPU
		{7918AEC3-4478-4B57-B5AA-35AD779CDB00}.Release|Any CPU.Build.0 = Release|Any CPU
		{E8E55C83-BBBD-4BBB-B6FB-FDCD743A5BA4}.Debug|Any CPU.ActiveCfg = Debug|Any CPU
		{E8E55C83-BBBD-4BBB-B6FB-FDCD743A5BA4}.Debug|Any CPU.Build.0 = Debug|Any CPU
		{E8E55C83-BBBD-4BBB-B6FB-FDCD743A5BA4}.Release|Any CPU.ActiveCfg = Release|Any CPU
		{E8E55C83-BBBD-4BBB-B6FB-FDCD743A5BA4}.Release|Any CPU.Build.0 = Release|Any CPU
		{7AE4DD04-8B16-438B-A73C-7DDDDF7C45C3}.Debug|Any CPU.ActiveCfg = Debug|Any CPU
		{7AE4DD04-8B16-438B-A73C-7DDDDF7C45C3}.Debug|Any CPU.Build.0 = Debug|Any CPU
		{7AE4DD04-8B16-438B-A73C-7DDDDF7C45C3}.Release|Any CPU.ActiveCfg = Release|Any CPU
		{7AE4DD04-8B16-438B-A73C-7DDDDF7C45C3}.Release|Any CPU.Build.0 = Release|Any CPU
	EndGlobalSection
	GlobalSection(SolutionProperties) = preSolution
		HideSolutionNode = FALSE
	EndGlobalSection
	GlobalSection(ExtensibilityGlobals) = postSolution
		SolutionGuid = {FE396271-236C-4FC0-9558-72BFB25A7A7E}
	EndGlobalSection
EndGlobal
